
Microsoft Visual Studio Solution File, Format Version 12.00
# Visual Studio 15
VisualStudioVersion = 15.0.28010.2003
MinimumVisualStudioVersion = 10.0.40219.1
Project("{2150E333-8FDC-42A3-9474-1A3956D46DE8}") = "Solution Items", "Solution Items", "{313BDC9D-6038-4963-8623-F22AA9BB95F2}"
	ProjectSection(SolutionItems) = preProject
		DeployService.ps1 = DeployService.ps1
		DeployWebsite.ps1 = DeployWebsite.ps1
		EfMigration.ps1 = EfMigration.ps1
	EndProjectSection
EndProject
Global
	GlobalSection(SolutionProperties) = preSolution
		HideSolutionNode = FALSE
	EndGlobalSection
	GlobalSection(ExtensibilityGlobals) = postSolution
		SolutionGuid = {546F578F-7BE2-490D-9BB6-BA2542DF874F}
	EndGlobalSection
EndGlobal
