
Microsoft Visual Studio Solution File, Format Version 12.00
# Visual Studio 15
VisualStudioVersion = 15.0.28010.2003
MinimumVisualStudioVersion = 10.0.40219.1
Project("{2150E333-8FDC-42A3-9474-1A3956D46DE8}") = "Solution Items", "Solution Items", "{313BDC9D-6038-4963-8623-F22AA9BB95F2}"
	ProjectSection(SolutionItems) = preProject
		DeployWebsite.ps1 = DeployWebsite.ps1
		EfMigration.ps1 = EfMigration.ps1
		LICENSE = LICENSE
		README.md = README.md
	EndProjectSection
EndProject
Project("{2150E333-8FDC-42A3-9474-1A3956D46DE8}") = "DeployServiceExtension", "DeployServiceExtension", "{7724171C-E632-45EE-8ABF-634E69BAA485}"
	ProjectSection(SolutionItems) = preProject
		DeployService.ps1 = DeployService.ps1
		DeployServiceExtension\node_modules\vss-web-extension-sdk\LICENSE = DeployServiceExtension\node_modules\vss-web-extension-sdk\LICENSE
		DeployServiceExtension\my-hub.html = DeployServiceExtension\my-hub.html
		DeployServiceExtension\package.json = DeployServiceExtension\package.json
		DeployServiceExtension\node_modules\vss-web-extension-sdk\README.md = DeployServiceExtension\node_modules\vss-web-extension-sdk\README.md
		DeployServiceExtension\vss-extension.json = DeployServiceExtension\vss-extension.json
	EndProjectSection
EndProject
Project("{2150E333-8FDC-42A3-9474-1A3956D46DE8}") = "DeployWebsiteExtension", "DeployWebsiteExtension", "{BA68BFFF-2A69-4FC7-BFDD-033A3C94DC75}"
EndProject
Project("{2150E333-8FDC-42A3-9474-1A3956D46DE8}") = "node_modules", "node_modules", "{52A8830C-6888-47D7-B408-2C3070FB1C81}"
EndProject
Project("{2150E333-8FDC-42A3-9474-1A3956D46DE8}") = "@types", "@types", "{CA4DD669-EADF-4C4D-BECA-78AD13FBA17C}"
EndProject
Project("{2150E333-8FDC-42A3-9474-1A3956D46DE8}") = "vss-web-extension-sdk", "vss-web-extension-sdk", "{4D1C7D00-5A23-4C51-B897-BFD2BB347B42}"
EndProject
Global
	GlobalSection(SolutionProperties) = preSolution
		HideSolutionNode = FALSE
	EndGlobalSection
	GlobalSection(NestedProjects) = preSolution
		{7724171C-E632-45EE-8ABF-634E69BAA485} = {313BDC9D-6038-4963-8623-F22AA9BB95F2}
		{BA68BFFF-2A69-4FC7-BFDD-033A3C94DC75} = {313BDC9D-6038-4963-8623-F22AA9BB95F2}
		{52A8830C-6888-47D7-B408-2C3070FB1C81} = {7724171C-E632-45EE-8ABF-634E69BAA485}
		{CA4DD669-EADF-4C4D-BECA-78AD13FBA17C} = {52A8830C-6888-47D7-B408-2C3070FB1C81}
		{4D1C7D00-5A23-4C51-B897-BFD2BB347B42} = {52A8830C-6888-47D7-B408-2C3070FB1C81}
	EndGlobalSection
	GlobalSection(ExtensibilityGlobals) = postSolution
		SolutionGuid = {546F578F-7BE2-490D-9BB6-BA2542DF874F}
	EndGlobalSection
EndGlobal
